// !$*UTF8*$!
{
	archiveVersion = 1;
	classes = {
	};
	objectVersion = 56;
	objects = {

/* Begin PBXBuildFile section */
		4AC6FE0C2AB1C6F200A30A70 /* AppDelegate.swift in Sources */ = {isa = PBXBuildFile; fileRef = 4AC6FE0B2AB1C6F200A30A70 /* AppDelegate.swift */; };
		4AC6FE0E2AB1C6F200A30A70 /* SceneDelegate.swift in Sources */ = {isa = PBXBuildFile; fileRef = 4AC6FE0D2AB1C6F200A30A70 /* SceneDelegate.swift */; };
		4AC6FE102AB1C6F200A30A70 /* ViewController.swift in Sources */ = {isa = PBXBuildFile; fileRef = 4AC6FE0F2AB1C6F200A30A70 /* ViewController.swift */; };
		4AC6FE132AB1C6F200A30A70 /* Main.storyboard in Resources */ = {isa = PBXBuildFile; fileRef = 4AC6FE112AB1C6F200A30A70 /* Main.storyboard */; };
		4AC6FE152AB1C6F400A30A70 /* Assets.xcassets in Resources */ = {isa = PBXBuildFile; fileRef = 4AC6FE142AB1C6F400A30A70 /* Assets.xcassets */; };
		4AC6FE182AB1C6F400A30A70 /* LaunchScreen.storyboard in Resources */ = {isa = PBXBuildFile; fileRef = 4AC6FE162AB1C6F400A30A70 /* LaunchScreen.storyboard */; };
		4AC6FE232AB1C6F400A30A70 /* mebelikovaPW1Tests.swift in Sources */ = {isa = PBXBuildFile; fileRef = 4AC6FE222AB1C6F400A30A70 /* mebelikovaPW1Tests.swift */; };
		4AC6FE2D2AB1C6F400A30A70 /* mebelikovaPW1UITests.swift in Sources */ = {isa = PBXBuildFile; fileRef = 4AC6FE2C2AB1C6F400A30A70 /* mebelikovaPW1UITests.swift */; };
		4AC6FE2F2AB1C6F400A30A70 /* mebelikovaPW1UITestsLaunchTests.swift in Sources */ = {isa = PBXBuildFile; fileRef = 4AC6FE2E2AB1C6F400A30A70 /* mebelikovaPW1UITestsLaunchTests.swift */; };
/* End PBXBuildFile section */

/* Begin PBXContainerItemProxy section */
		4AC6FE1F2AB1C6F400A30A70 /* PBXContainerItemProxy */ = {
			isa = PBXContainerItemProxy;
			containerPortal = 4AC6FE002AB1C6F200A30A70 /* Project object */;
			proxyType = 1;
			remoteGlobalIDString = 4AC6FE072AB1C6F200A30A70;
			remoteInfo = mebelikovaPW1;
		};
		4AC6FE292AB1C6F400A30A70 /* PBXContainerItemProxy */ = {
			isa = PBXContainerItemProxy;
			containerPortal = 4AC6FE002AB1C6F200A30A70 /* Project object */;
			proxyType = 1;
			remoteGlobalIDString = 4AC6FE072AB1C6F200A30A70;
			remoteInfo = mebelikovaPW1;
		};
/* End PBXContainerItemProxy section */

/* Begin PBXFileReference section */
		4AC6FE082AB1C6F200A30A70 /* mebelikovaPW1.app */ = {isa = PBXFileReference; explicitFileType = wrapper.application; includeInIndex = 0; path = mebelikovaPW1.app; sourceTree = BUILT_PRODUCTS_DIR; };
		4AC6FE0B2AB1C6F200A30A70 /* AppDelegate.swift */ = {isa = PBXFileReference; lastKnownFileType = sourcecode.swift; path = AppDelegate.swift; sourceTree = "<group>"; };
		4AC6FE0D2AB1C6F200A30A70 /* SceneDelegate.swift */ = {isa = PBXFileReference; lastKnownFileType = sourcecode.swift; path = SceneDelegate.swift; sourceTree = "<group>"; };
		4AC6FE0F2AB1C6F200A30A70 /* ViewController.swift */ = {isa = PBXFileReference; lastKnownFileType = sourcecode.swift; path = ViewController.swift; sourceTree = "<group>"; };
		4AC6FE122AB1C6F200A30A70 /* Base */ = {isa = PBXFileReference; lastKnownFileType = file.storyboard; name = Base; path = Base.lproj/Main.storyboard; sourceTree = "<group>"; };
		4AC6FE142AB1C6F400A30A70 /* Assets.xcassets */ = {isa = PBXFileReference; lastKnownFileType = folder.assetcatalog; path = Assets.xcassets; sourceTree = "<group>"; };
		4AC6FE172AB1C6F400A30A70 /* Base */ = {isa = PBXFileReference; lastKnownFileType = file.storyboard; name = Base; path = Base.lproj/LaunchScreen.storyboard; sourceTree = "<group>"; };
		4AC6FE192AB1C6F400A30A70 /* Info.plist */ = {isa = PBXFileReference; lastKnownFileType = text.plist.xml; path = Info.plist; sourceTree = "<group>"; };
		4AC6FE1E2AB1C6F400A30A70 /* mebelikovaPW1Tests.xctest */ = {isa = PBXFileReference; explicitFileType = wrapper.cfbundle; includeInIndex = 0; path = mebelikovaPW1Tests.xctest; sourceTree = BUILT_PRODUCTS_DIR; };
		4AC6FE222AB1C6F400A30A70 /* mebelikovaPW1Tests.swift */ = {isa = PBXFileReference; lastKnownFileType = sourcecode.swift; path = mebelikovaPW1Tests.swift; sourceTree = "<group>"; };
		4AC6FE282AB1C6F400A30A70 /* mebelikovaPW1UITests.xctest */ = {isa = PBXFileReference; explicitFileType = wrapper.cfbundle; includeInIndex = 0; path = mebelikovaPW1UITests.xctest; sourceTree = BUILT_PRODUCTS_DIR; };
		4AC6FE2C2AB1C6F400A30A70 /* mebelikovaPW1UITests.swift */ = {isa = PBXFileReference; lastKnownFileType = sourcecode.swift; path = mebelikovaPW1UITests.swift; sourceTree = "<group>"; };
		4AC6FE2E2AB1C6F400A30A70 /* mebelikovaPW1UITestsLaunchTests.swift */ = {isa = PBXFileReference; lastKnownFileType = sourcecode.swift; path = mebelikovaPW1UITestsLaunchTests.swift; sourceTree = "<group>"; };
/* End PBXFileReference section */

/* Begin PBXFrameworksBuildPhase section */
		4AC6FE052AB1C6F200A30A70 /* Frameworks */ = {
			isa = PBXFrameworksBuildPhase;
			buildActionMask = 2147483647;
			files = (
			);
			runOnlyForDeploymentPostprocessing = 0;
		};
		4AC6FE1B2AB1C6F400A30A70 /* Frameworks */ = {
			isa = PBXFrameworksBuildPhase;
			buildActionMask = 2147483647;
			files = (
			);
			runOnlyForDeploymentPostprocessing = 0;
		};
		4AC6FE252AB1C6F400A30A70 /* Frameworks */ = {
			isa = PBXFrameworksBuildPhase;
			buildActionMask = 2147483647;
			files = (
			);
			runOnlyForDeploymentPostprocessing = 0;
		};
/* End PBXFrameworksBuildPhase section */

/* Begin PBXGroup section */
		4AC6FDFF2AB1C6F200A30A70 = {
			isa = PBXGroup;
			children = (
				4AC6FE0A2AB1C6F200A30A70 /* mebelikovaPW1 */,
				4AC6FE212AB1C6F400A30A70 /* mebelikovaPW1Tests */,
				4AC6FE2B2AB1C6F400A30A70 /* mebelikovaPW1UITests */,
				4AC6FE092AB1C6F200A30A70 /* Products */,
			);
			sourceTree = "<group>";
		};
		4AC6FE092AB1C6F200A30A70 /* Products */ = {
			isa = PBXGroup;
			children = (
				4AC6FE082AB1C6F200A30A70 /* mebelikovaPW1.app */,
				4AC6FE1E2AB1C6F400A30A70 /* mebelikovaPW1Tests.xctest */,
				4AC6FE282AB1C6F400A30A70 /* mebelikovaPW1UITests.xctest */,
			);
			name = Products;
			sourceTree = "<group>";
		};
		4AC6FE0A2AB1C6F200A30A70 /* mebelikovaPW1 */ = {
			isa = PBXGroup;
			children = (
				4AC6FE0B2AB1C6F200A30A70 /* AppDelegate.swift */,
				4AC6FE0D2AB1C6F200A30A70 /* SceneDelegate.swift */,
				4AC6FE0F2AB1C6F200A30A70 /* ViewController.swift */,
				4AC6FE112AB1C6F200A30A70 /* Main.storyboard */,
				4AC6FE142AB1C6F400A30A70 /* Assets.xcassets */,
				4AC6FE162AB1C6F400A30A70 /* LaunchScreen.storyboard */,
				4AC6FE192AB1C6F400A30A70 /* Info.plist */,
			);
			path = mebelikovaPW1;
			sourceTree = "<group>";
		};
		4AC6FE212AB1C6F400A30A70 /* mebelikovaPW1Tests */ = {
			isa = PBXGroup;
			children = (
				4AC6FE222AB1C6F400A30A70 /* mebelikovaPW1Tests.swift */,
			);
			path = mebelikovaPW1Tests;
			sourceTree = "<group>";
		};
		4AC6FE2B2AB1C6F400A30A70 /* mebelikovaPW1UITests */ = {
			isa = PBXGroup;
			children = (
				4AC6FE2C2AB1C6F400A30A70 /* mebelikovaPW1UITests.swift */,
				4AC6FE2E2AB1C6F400A30A70 /* mebelikovaPW1UITestsLaunchTests.swift */,
			);
			path = mebelikovaPW1UITests;
			sourceTree = "<group>";
		};
/* End PBXGroup section */

/* Begin PBXNativeTarget section */
		4AC6FE072AB1C6F200A30A70 /* mebelikovaPW1 */ = {
			isa = PBXNativeTarget;
			buildConfigurationList = 4AC6FE322AB1C6F400A30A70 /* Build configuration list for PBXNativeTarget "mebelikovaPW1" */;
			buildPhases = (
				4AC6FE042AB1C6F200A30A70 /* Sources */,
				4AC6FE052AB1C6F200A30A70 /* Frameworks */,
				4AC6FE062AB1C6F200A30A70 /* Resources */,
			);
			buildRules = (
			);
			dependencies = (
			);
			name = mebelikovaPW1;
			productName = mebelikovaPW1;
			productReference = 4AC6FE082AB1C6F200A30A70 /* mebelikovaPW1.app */;
			productType = "com.apple.product-type.application";
		};
		4AC6FE1D2AB1C6F400A30A70 /* mebelikovaPW1Tests */ = {
			isa = PBXNativeTarget;
			buildConfigurationList = 4AC6FE352AB1C6F400A30A70 /* Build configuration list for PBXNativeTarget "mebelikovaPW1Tests" */;
			buildPhases = (
				4AC6FE1A2AB1C6F400A30A70 /* Sources */,
				4AC6FE1B2AB1C6F400A30A70 /* Frameworks */,
				4AC6FE1C2AB1C6F400A30A70 /* Resources */,
			);
			buildRules = (
			);
			dependencies = (
				4AC6FE202AB1C6F400A30A70 /* PBXTargetDependency */,
			);
			name = mebelikovaPW1Tests;
			productName = mebelikovaPW1Tests;
			productReference = 4AC6FE1E2AB1C6F400A30A70 /* mebelikovaPW1Tests.xctest */;
			productType = "com.apple.product-type.bundle.unit-test";
		};
		4AC6FE272AB1C6F400A30A70 /* mebelikovaPW1UITests */ = {
			isa = PBXNativeTarget;
			buildConfigurationList = 4AC6FE382AB1C6F400A30A70 /* Build configuration list for PBXNativeTarget "mebelikovaPW1UITests" */;
			buildPhases = (
				4AC6FE242AB1C6F400A30A70 /* Sources */,
				4AC6FE252AB1C6F400A30A70 /* Frameworks */,
				4AC6FE262AB1C6F400A30A70 /* Resources */,
			);
			buildRules = (
			);
			dependencies = (
				4AC6FE2A2AB1C6F400A30A70 /* PBXTargetDependency */,
			);
			name = mebelikovaPW1UITests;
			productName = mebelikovaPW1UITests;
			productReference = 4AC6FE282AB1C6F400A30A70 /* mebelikovaPW1UITests.xctest */;
			productType = "com.apple.product-type.bundle.ui-testing";
		};
/* End PBXNativeTarget section */

/* Begin PBXProject section */
		4AC6FE002AB1C6F200A30A70 /* Project object */ = {
			isa = PBXProject;
			attributes = {
				BuildIndependentTargetsInParallel = 1;
				LastSwiftUpdateCheck = 1430;
				LastUpgradeCheck = 1430;
				TargetAttributes = {
					4AC6FE072AB1C6F200A30A70 = {
						CreatedOnToolsVersion = 14.3.1;
					};
					4AC6FE1D2AB1C6F400A30A70 = {
						CreatedOnToolsVersion = 14.3.1;
						TestTargetID = 4AC6FE072AB1C6F200A30A70;
					};
					4AC6FE272AB1C6F400A30A70 = {
						CreatedOnToolsVersion = 14.3.1;
						TestTargetID = 4AC6FE072AB1C6F200A30A70;
					};
				};
			};
			buildConfigurationList = 4AC6FE032AB1C6F200A30A70 /* Build configuration list for PBXProject "mebelikovaPW1" */;
			compatibilityVersion = "Xcode 14.0";
			developmentRegion = en;
			hasScannedForEncodings = 0;
			knownRegions = (
				en,
				Base,
			);
			mainGroup = 4AC6FDFF2AB1C6F200A30A70;
			productRefGroup = 4AC6FE092AB1C6F200A30A70 /* Products */;
			projectDirPath = "";
			projectRoot = "";
			targets = (
				4AC6FE072AB1C6F200A30A70 /* mebelikovaPW1 */,
				4AC6FE1D2AB1C6F400A30A70 /* mebelikovaPW1Tests */,
				4AC6FE272AB1C6F400A30A70 /* mebelikovaPW1UITests */,
			);
		};
/* End PBXProject section */

/* Begin PBXResourcesBuildPhase section */
		4AC6FE062AB1C6F200A30A70 /* Resources */ = {
			isa = PBXResourcesBuildPhase;
			buildActionMask = 2147483647;
			files = (
				4AC6FE182AB1C6F400A30A70 /* LaunchScreen.storyboard in Resources */,
				4AC6FE152AB1C6F400A30A70 /* Assets.xcassets in Resources */,
				4AC6FE132AB1C6F200A30A70 /* Main.storyboard in Resources */,
			);
			runOnlyForDeploymentPostprocessing = 0;
		};
		4AC6FE1C2AB1C6F400A30A70 /* Resources */ = {
			isa = PBXResourcesBuildPhase;
			buildActionMask = 2147483647;
			files = (
			);
			runOnlyForDeploymentPostprocessing = 0;
		};
		4AC6FE262AB1C6F400A30A70 /* Resources */ = {
			isa = PBXResourcesBuildPhase;
			buildActionMask = 2147483647;
			files = (
			);
			runOnlyForDeploymentPostprocessing = 0;
		};
/* End PBXResourcesBuildPhase section */

/* Begin PBXSourcesBuildPhase section */
		4AC6FE042AB1C6F200A30A70 /* Sources */ = {
			isa = PBXSourcesBuildPhase;
			buildActionMask = 2147483647;
			files = (
				4AC6FE102AB1C6F200A30A70 /* ViewController.swift in Sources */,
				4AC6FE0C2AB1C6F200A30A70 /* AppDelegate.swift in Sources */,
				4AC6FE0E2AB1C6F200A30A70 /* SceneDelegate.swift in Sources */,
			);
			runOnlyForDeploymentPostprocessing = 0;
		};
		4AC6FE1A2AB1C6F400A30A70 /* Sources */ = {
			isa = PBXSourcesBuildPhase;
			buildActionMask = 2147483647;
			files = (
				4AC6FE232AB1C6F400A30A70 /* mebelikovaPW1Tests.swift in Sources */,
			);
			runOnlyForDeploymentPostprocessing = 0;
		};
		4AC6FE242AB1C6F400A30A70 /* Sources */ = {
			isa = PBXSourcesBuildPhase;
			buildActionMask = 2147483647;
			files = (
				4AC6FE2F2AB1C6F400A30A70 /* mebelikovaPW1UITestsLaunchTests.swift in Sources */,
				4AC6FE2D2AB1C6F400A30A70 /* mebelikovaPW1UITests.swift in Sources */,
			);
			runOnlyForDeploymentPostprocessing = 0;
		};
/* End PBXSourcesBuildPhase section */

/* Begin PBXTargetDependency section */
		4AC6FE202AB1C6F400A30A70 /* PBXTargetDependency */ = {
			isa = PBXTargetDependency;
			target = 4AC6FE072AB1C6F200A30A70 /* mebelikovaPW1 */;
			targetProxy = 4AC6FE1F2AB1C6F400A30A70 /* PBXContainerItemProxy */;
		};
		4AC6FE2A2AB1C6F400A30A70 /* PBXTargetDependency */ = {
			isa = PBXTargetDependency;
			target = 4AC6FE072AB1C6F200A30A70 /* mebelikovaPW1 */;
			targetProxy = 4AC6FE292AB1C6F400A30A70 /* PBXContainerItemProxy */;
		};
/* End PBXTargetDependency section */

/* Begin PBXVariantGroup section */
		4AC6FE112AB1C6F200A30A70 /* Main.storyboard */ = {
			isa = PBXVariantGroup;
			children = (
				4AC6FE122AB1C6F200A30A70 /* Base */,
			);
			name = Main.storyboard;
			sourceTree = "<group>";
		};
		4AC6FE162AB1C6F400A30A70 /* LaunchScreen.storyboard */ = {
			isa = PBXVariantGroup;
			children = (
				4AC6FE172AB1C6F400A30A70 /* Base */,
			);
			name = LaunchScreen.storyboard;
			sourceTree = "<group>";
		};
/* End PBXVariantGroup section */

/* Begin XCBuildConfiguration section */
		4AC6FE302AB1C6F400A30A70 /* Debug */ = {
			isa = XCBuildConfiguration;
			buildSettings = {
				ALWAYS_SEARCH_USER_PATHS = NO;
				CLANG_ANALYZER_NONNULL = YES;
				CLANG_ANALYZER_NUMBER_OBJECT_CONVERSION = YES_AGGRESSIVE;
				CLANG_CXX_LANGUAGE_STANDARD = "gnu++20";
				CLANG_ENABLE_MODULES = YES;
				CLANG_ENABLE_OBJC_ARC = YES;
				CLANG_ENABLE_OBJC_WEAK = YES;
				CLANG_WARN_BLOCK_CAPTURE_AUTORELEASING = YES;
				CLANG_WARN_BOOL_CONVERSION = YES;
				CLANG_WARN_COMMA = YES;
				CLANG_WARN_CONSTANT_CONVERSION = YES;
				CLANG_WARN_DEPRECATED_OBJC_IMPLEMENTATIONS = YES;
				CLANG_WARN_DIRECT_OBJC_ISA_USAGE = YES_ERROR;
				CLANG_WARN_DOCUMENTATION_COMMENTS = YES;
				CLANG_WARN_EMPTY_BODY = YES;
				CLANG_WARN_ENUM_CONVERSION = YES;
				CLANG_WARN_INFINITE_RECURSION = YES;
				CLANG_WARN_INT_CONVERSION = YES;
				CLANG_WARN_NON_LITERAL_NULL_CONVERSION = YES;
				CLANG_WARN_OBJC_IMPLICIT_RETAIN_SELF = YES;
				CLANG_WARN_OBJC_LITERAL_CONVERSION = YES;
				CLANG_WARN_OBJC_ROOT_CLASS = YES_ERROR;
				CLANG_WARN_QUOTED_INCLUDE_IN_FRAMEWORK_HEADER = YES;
				CLANG_WARN_RANGE_LOOP_ANALYSIS = YES;
				CLANG_WARN_STRICT_PROTOTYPES = YES;
				CLANG_WARN_SUSPICIOUS_MOVE = YES;
				CLANG_WARN_UNGUARDED_AVAILABILITY = YES_AGGRESSIVE;
				CLANG_WARN_UNREACHABLE_CODE = YES;
				CLANG_WARN__DUPLICATE_METHOD_MATCH = YES;
				COPY_PHASE_STRIP = NO;
				DEBUG_INFORMATION_FORMAT = dwarf;
				ENABLE_STRICT_OBJC_MSGSEND = YES;
				ENABLE_TESTABILITY = YES;
				GCC_C_LANGUAGE_STANDARD = gnu11;
				GCC_DYNAMIC_NO_PIC = NO;
				GCC_NO_COMMON_BLOCKS = YES;
				GCC_OPTIMIZATION_LEVEL = 0;
				GCC_PREPROCESSOR_DEFINITIONS = (
					"DEBUG=1",
					"$(inherited)",
				);
				GCC_WARN_64_TO_32_BIT_CONVERSION = YES;
				GCC_WARN_ABOUT_RETURN_TYPE = YES_ERROR;
				GCC_WARN_UNDECLARED_SELECTOR = YES;
				GCC_WARN_UNINITIALIZED_AUTOS = YES_AGGRESSIVE;
				GCC_WARN_UNUSED_FUNCTION = YES;
				GCC_WARN_UNUSED_VARIABLE = YES;
				IPHONEOS_DEPLOYMENT_TARGET = 16.4;
				MTL_ENABLE_DEBUG_INFO = INCLUDE_SOURCE;
				MTL_FAST_MATH = YES;
				ONLY_ACTIVE_ARCH = YES;
				SDKROOT = iphoneos;
				SWIFT_ACTIVE_COMPILATION_CONDITIONS = DEBUG;
				SWIFT_OPTIMIZATION_LEVEL = "-Onone";
			};
			name = Debug;
		};
		4AC6FE312AB1C6F400A30A70 /* Release */ = {
			isa = XCBuildConfiguration;
			buildSettings = {
				ALWAYS_SEARCH_USER_PATHS = NO;
				CLANG_ANALYZER_NONNULL = YES;
				CLANG_ANALYZER_NUMBER_OBJECT_CONVERSION = YES_AGGRESSIVE;
				CLANG_CXX_LANGUAGE_STANDARD = "gnu++20";
				CLANG_ENABLE_MODULES = YES;
				CLANG_ENABLE_OBJC_ARC = YES;
				CLANG_ENABLE_OBJC_WEAK = YES;
				CLANG_WARN_BLOCK_CAPTURE_AUTORELEASING = YES;
				CLANG_WARN_BOOL_CONVERSION = YES;
				CLANG_WARN_COMMA = YES;
				CLANG_WARN_CONSTANT_CONVERSION = YES;
				CLANG_WARN_DEPRECATED_OBJC_IMPLEMENTATIONS = YES;
				CLANG_WARN_DIRECT_OBJC_ISA_USAGE = YES_ERROR;
				CLANG_WARN_DOCUMENTATION_COMMENTS = YES;
				CLANG_WARN_EMPTY_BODY = YES;
				CLANG_WARN_ENUM_CONVERSION = YES;
				CLANG_WARN_INFINITE_RECURSION = YES;
				CLANG_WARN_INT_CONVERSION = YES;
				CLANG_WARN_NON_LITERAL_NULL_CONVERSION = YES;
				CLANG_WARN_OBJC_IMPLICIT_RETAIN_SELF = YES;
				CLANG_WARN_OBJC_LITERAL_CONVERSION = YES;
				CLANG_WARN_OBJC_ROOT_CLASS = YES_ERROR;
				CLANG_WARN_QUOTED_INCLUDE_IN_FRAMEWORK_HEADER = YES;
				CLANG_WARN_RANGE_LOOP_ANALYSIS = YES;
				CLANG_WARN_STRICT_PROTOTYPES = YES;
				CLANG_WARN_SUSPICIOUS_MOVE = YES;
				CLANG_WARN_UNGUARDED_AVAILABILITY = YES_AGGRESSIVE;
				CLANG_WARN_UNREACHABLE_CODE = YES;
				CLANG_WARN__DUPLICATE_METHOD_MATCH = YES;
				COPY_PHASE_STRIP = NO;
				DEBUG_INFORMATION_FORMAT = "dwarf-with-dsym";
				ENABLE_NS_ASSERTIONS = NO;
				ENABLE_STRICT_OBJC_MSGSEND = YES;
				GCC_C_LANGUAGE_STANDARD = gnu11;
				GCC_NO_COMMON_BLOCKS = YES;
				GCC_WARN_64_TO_32_BIT_CONVERSION = YES;
				GCC_WARN_ABOUT_RETURN_TYPE = YES_ERROR;
				GCC_WARN_UNDECLARED_SELECTOR = YES;
				GCC_WARN_UNINITIALIZED_AUTOS = YES_AGGRESSIVE;
				GCC_WARN_UNUSED_FUNCTION = YES;
				GCC_WARN_UNUSED_VARIABLE = YES;
				IPHONEOS_DEPLOYMENT_TARGET = 16.4;
				MTL_ENABLE_DEBUG_INFO = NO;
				MTL_FAST_MATH = YES;
				SDKROOT = iphoneos;
				SWIFT_COMPILATION_MODE = wholemodule;
				SWIFT_OPTIMIZATION_LEVEL = "-O";
				VALIDATE_PRODUCT = YES;
			};
			name = Release;
		};
		4AC6FE332AB1C6F400A30A70 /* Debug */ = {
			isa = XCBuildConfiguration;
			buildSettings = {
				ASSETCATALOG_COMPILER_APPICON_NAME = AppIcon;
				ASSETCATALOG_COMPILER_GLOBAL_ACCENT_COLOR_NAME = AccentColor;
				CODE_SIGN_STYLE = Automatic;
				CURRENT_PROJECT_VERSION = 1;
				GENERATE_INFOPLIST_FILE = YES;
				INFOPLIST_FILE = mebelikovaPW1/Info.plist;
				INFOPLIST_KEY_UIApplicationSupportsIndirectInputEvents = YES;
				INFOPLIST_KEY_UILaunchStoryboardName = LaunchScreen;
				INFOPLIST_KEY_UIMainStoryboardFile = Main;
				INFOPLIST_KEY_UISupportedInterfaceOrientations_iPad = "UIInterfaceOrientationPortrait UIInterfaceOrientationPortraitUpsideDown UIInterfaceOrientationLandscapeLeft UIInterfaceOrientationLandscapeRight";
				INFOPLIST_KEY_UISupportedInterfaceOrientations_iPhone = "UIInterfaceOrientationPortrait UIInterfaceOrientationLandscapeLeft UIInterfaceOrientationLandscapeRight";
				LD_RUNPATH_SEARCH_PATHS = (
					"$(inherited)",
					"@executable_path/Frameworks",
				);
				MARKETING_VERSION = 1.0;
				PRODUCT_BUNDLE_IDENTIFIER = M.mebelikovaPW1;
				PRODUCT_NAME = "$(TARGET_NAME)";
				SWIFT_EMIT_LOC_STRINGS = YES;
				SWIFT_VERSION = 5.0;
				TARGETED_DEVICE_FAMILY = "1,2";
			};
			name = Debug;
		};
		4AC6FE342AB1C6F400A30A70 /* Release */ = {
			isa = XCBuildConfiguration;
			buildSettings = {
				ASSETCATALOG_COMPILER_APPICON_NAME = AppIcon;
				ASSETCATALOG_COMPILER_GLOBAL_ACCENT_COLOR_NAME = AccentColor;
				CODE_SIGN_STYLE = Automatic;
				CURRENT_PROJECT_VERSION = 1;
				GENERATE_INFOPLIST_FILE = YES;
				INFOPLIST_FILE = mebelikovaPW1/Info.plist;
				INFOPLIST_KEY_UIApplicationSupportsIndirectInputEvents = YES;
				INFOPLIST_KEY_UILaunchStoryboardName = LaunchScreen;
				INFOPLIST_KEY_UIMainStoryboardFile = Main;
				INFOPLIST_KEY_UISupportedInterfaceOrientations_iPad = "UIInterfaceOrientationPortrait UIInterfaceOrientationPortraitUpsideDown UIInterfaceOrientationLandscapeLeft UIInterfaceOrientationLandscapeRight";
				INFOPLIST_KEY_UISupportedInterfaceOrientations_iPhone = "UIInterfaceOrientationPortrait UIInterfaceOrientationLandscapeLeft UIInterfaceOrientationLandscapeRight";
				LD_RUNPATH_SEARCH_PATHS = (
					"$(inherited)",
					"@executable_path/Frameworks",
				);
				MARKETING_VERSION = 1.0;
				PRODUCT_BUNDLE_IDENTIFIER = M.mebelikovaPW1;
				PRODUCT_NAME = "$(TARGET_NAME)";
				SWIFT_EMIT_LOC_STRINGS = YES;
				SWIFT_VERSION = 5.0;
				TARGETED_DEVICE_FAMILY = "1,2";
			};
			name = Release;
		};
		4AC6FE362AB1C6F400A30A70 /* Debug */ = {
			isa = XCBuildConfiguration;
			buildSettings = {
				ALWAYS_EMBED_SWIFT_STANDARD_LIBRARIES = YES;
				BUNDLE_LOADER = "$(TEST_HOST)";
				CODE_SIGN_STYLE = Automatic;
				CURRENT_PROJECT_VERSION = 1;
				GENERATE_INFOPLIST_FILE = YES;
				IPHONEOS_DEPLOYMENT_TARGET = 16.4;
				MARKETING_VERSION = 1.0;
				PRODUCT_BUNDLE_IDENTIFIER = M.mebelikovaPW1Tests;
				PRODUCT_NAME = "$(TARGET_NAME)";
				SWIFT_EMIT_LOC_STRINGS = NO;
				SWIFT_VERSION = 5.0;
				TARGETED_DEVICE_FAMILY = "1,2";
				TEST_HOST = "$(BUILT_PRODUCTS_DIR)/mebelikovaPW1.app/$(BUNDLE_EXECUTABLE_FOLDER_PATH)/mebelikovaPW1";
			};
			name = Debug;
		};
		4AC6FE372AB1C6F400A30A70 /* Release */ = {
			isa = XCBuildConfiguration;
			buildSettings = {
				ALWAYS_EMBED_SWIFT_STANDARD_LIBRARIES = YES;
				BUNDLE_LOADER = "$(TEST_HOST)";
				CODE_SIGN_STYLE = Automatic;
				CURRENT_PROJECT_VERSION = 1;
				GENERATE_INFOPLIST_FILE = YES;
				IPHONEOS_DEPLOYMENT_TARGET = 16.4;
				MARKETING_VERSION = 1.0;
				PRODUCT_BUNDLE_IDENTIFIER = M.mebelikovaPW1Tests;
				PRODUCT_NAME = "$(TARGET_NAME)";
				SWIFT_EMIT_LOC_STRINGS = NO;
				SWIFT_VERSION = 5.0;
				TARGETED_DEVICE_FAMILY = "1,2";
				TEST_HOST = "$(BUILT_PRODUCTS_DIR)/mebelikovaPW1.app/$(BUNDLE_EXECUTABLE_FOLDER_PATH)/mebelikovaPW1";
			};
			name = Release;
		};
		4AC6FE392AB1C6F400A30A70 /* Debug */ = {
			isa = XCBuildConfiguration;
			buildSettings = {
				ALWAYS_EMBED_SWIFT_STANDARD_LIBRARIES = YES;
				CODE_SIGN_STYLE = Automatic;
				CURRENT_PROJECT_VERSION = 1;
				GENERATE_INFOPLIST_FILE = YES;
				MARKETING_VERSION = 1.0;
				PRODUCT_BUNDLE_IDENTIFIER = M.mebelikovaPW1UITests;
				PRODUCT_NAME = "$(TARGET_NAME)";
				SWIFT_EMIT_LOC_STRINGS = NO;
				SWIFT_VERSION = 5.0;
				TARGETED_DEVICE_FAMILY = "1,2";
				TEST_TARGET_NAME = mebelikovaPW1;
			};
			name = Debug;
		};
		4AC6FE3A2AB1C6F400A30A70 /* Release */ = {
			isa = XCBuildConfiguration;
			buildSettings = {
				ALWAYS_EMBED_SWIFT_STANDARD_LIBRARIES = YES;
				CODE_SIGN_STYLE = Automatic;
				CURRENT_PROJECT_VERSION = 1;
				GENERATE_INFOPLIST_FILE = YES;
				MARKETING_VERSION = 1.0;
				PRODUCT_BUNDLE_IDENTIFIER = M.mebelikovaPW1UITests;
				PRODUCT_NAME = "$(TARGET_NAME)";
				SWIFT_EMIT_LOC_STRINGS = NO;
				SWIFT_VERSION = 5.0;
				TARGETED_DEVICE_FAMILY = "1,2";
				TEST_TARGET_NAME = mebelikovaPW1;
			};
			name = Release;
		};
/* End XCBuildConfiguration section */

/* Begin XCConfigurationList section */
		4AC6FE032AB1C6F200A30A70 /* Build configuration list for PBXProject "mebelikovaPW1" */ = {
			isa = XCConfigurationList;
			buildConfigurations = (
				4AC6FE302AB1C6F400A30A70 /* Debug */,
				4AC6FE312AB1C6F400A30A70 /* Release */,
			);
			defaultConfigurationIsVisible = 0;
			defaultConfigurationName = Release;
		};
		4AC6FE322AB1C6F400A30A70 /* Build configuration list for PBXNativeTarget "mebelikovaPW1" */ = {
			isa = XCConfigurationList;
			buildConfigurations = (
				4AC6FE332AB1C6F400A30A70 /* Debug */,
				4AC6FE342AB1C6F400A30A70 /* Release */,
			);
			defaultConfigurationIsVisible = 0;
			defaultConfigurationName = Release;
		};
		4AC6FE352AB1C6F400A30A70 /* Build configuration list for PBXNativeTarget "mebelikovaPW1Tests" */ = {
			isa = XCConfigurationList;
			buildConfigurations = (
				4AC6FE362AB1C6F400A30A70 /* Debug */,
				4AC6FE372AB1C6F400A30A70 /* Release */,
			);
			defaultConfigurationIsVisible = 0;
			defaultConfigurationName = Release;
		};
		4AC6FE382AB1C6F400A30A70 /* Build configuration list for PBXNativeTarget "mebelikovaPW1UITests" */ = {
			isa = XCConfigurationList;
			buildConfigurations = (
				4AC6FE392AB1C6F400A30A70 /* Debug */,
				4AC6FE3A2AB1C6F400A30A70 /* Release */,
			);
			defaultConfigurationIsVisible = 0;
			defaultConfigurationName = Release;
		};
/* End XCConfigurationList section */
	};
	rootObject = 4AC6FE002AB1C6F200A30A70 /* Project object */;
}
